// !$*UTF8*$!
{
 archiveVersion = 1; classes = {}; objectVersion = 56;
 objects = {
  A00000000000000000000001 = {isa = PBXBuildFile; fileRef = A00000000000000000000002; };
  A00000000000000000000002 = {isa = PBXFileReference; lastKnownFileType = sourcecode.swift; path = NativeMenuUITests.swift; sourceTree = "<group>"; };
  A00000000000000000000003 = {isa = PBXFileReference; explicitFileType = wrapper.cfbundle; includeInIndex = 0; path = NativeMenuUITests.xctest; sourceTree = BUILT_PRODUCTS_DIR; };
  A00000000000000000000004 = {isa = PBXGroup; children = (A00000000000000000000002, A00000000000000000000005); sourceTree = "<group>"; };
  A00000000000000000000005 = {isa = PBXGroup; children = (A00000000000000000000003); name = Products; sourceTree = "<group>"; };
  A00000000000000000000006 = {isa = PBXSourcesBuildPhase; buildActionMask = 2147483647; files = (A00000000000000000000001); runOnlyForDeploymentPostprocessing = 0; };
  A00000000000000000000007 = {isa = PBXFrameworksBuildPhase; buildActionMask = 2147483647; files = (); runOnlyForDeploymentPostprocessing = 0; };
  A00000000000000000000008 = {isa = PBXResourcesBuildPhase; buildActionMask = 2147483647; files = (); runOnlyForDeploymentPostprocessing = 0; };
  A00000000000000000000009 = {isa = PBXNativeTarget; buildConfigurationList = A00000000000000000000010; buildPhases = (A00000000000000000000006, A00000000000000000000007, A00000000000000000000008); buildRules = (); dependencies = (); name = NativeMenuUITests; productName = NativeMenuUITests; productReference = A00000000000000000000003; productType = "com.apple.product-type.bundle.ui-testing"; };
  A00000000000000000000011 = {isa = PBXProject; attributes = {BuildIndependentTargetsInParallel = 1; LastUpgradeCheck = 2700; TargetAttributes = {A00000000000000000000009 = {CreatedOnToolsVersion = 27.0; }; }; }; buildConfigurationList = A00000000000000000000012; compatibilityVersion = "Xcode 14.0"; developmentRegion = en; knownRegions = (en, Base); mainGroup = A00000000000000000000004; productRefGroup = A00000000000000000000005; projectDirPath = ""; projectRoot = ""; targets = (A00000000000000000000009); };
  A00000000000000000000013 = {isa = XCBuildConfiguration; buildSettings = {CLANG_ENABLE_MODULES = YES; IPHONEOS_DEPLOYMENT_TARGET = 16.0; SDKROOT = iphoneos; SWIFT_VERSION = 5.0; }; name = Debug; };
  A00000000000000000000014 = {isa = XCBuildConfiguration; buildSettings = {CLANG_ENABLE_MODULES = YES; IPHONEOS_DEPLOYMENT_TARGET = 16.0; SDKROOT = iphoneos; SWIFT_VERSION = 5.0; }; name = Release; };
  A00000000000000000000015 = {isa = XCBuildConfiguration; buildSettings = {CODE_SIGN_STYLE = Automatic; GENERATE_INFOPLIST_FILE = YES; PRODUCT_BUNDLE_IDENTIFIER = org.lvivvde.harness.acceptance; PRODUCT_NAME = "$(TARGET_NAME)"; SWIFT_OPTIMIZATION_LEVEL = "-Onone"; TARGETED_DEVICE_FAMILY = "2"; }; name = Debug; };
  A00000000000000000000016 = {isa = XCBuildConfiguration; buildSettings = {CODE_SIGN_STYLE = Automatic; GENERATE_INFOPLIST_FILE = YES; PRODUCT_BUNDLE_IDENTIFIER = org.lvivvde.harness.acceptance; PRODUCT_NAME = "$(TARGET_NAME)"; TARGETED_DEVICE_FAMILY = "2"; }; name = Release; };
  A00000000000000000000010 = {isa = XCConfigurationList; buildConfigurations = (A00000000000000000000015, A00000000000000000000016); defaultConfigurationIsVisible = 0; defaultConfigurationName = Debug; };
  A00000000000000000000012 = {isa = XCConfigurationList; buildConfigurations = (A00000000000000000000013, A00000000000000000000014); defaultConfigurationIsVisible = 0; defaultConfigurationName = Debug; };
 };
 rootObject = A00000000000000000000011;
}
